PODS:
  - Alamofire (5.9.0)
  - AlertToast (1.3.9)
  - CocoaLumberjack/Core (3.8.5)
  - CocoaLumberjack/Swift (3.8.5):
    - CocoaLumberjack/Core
  - FMDB (2.7.12):
    - FMDB/standard (= 2.7.12)
  - FMDB/Core (2.7.12)
  - FMDB/standard (2.7.12):
    - FMDB/Core
  - GCDWebServer/Core (3.5.4)
  - GCDWebServer/WebDAV (3.5.4):
    - GCDWebServer/Core
  - GCDWebServer/WebUploader (3.5.4):
    - GCDWebServer/Core
  - Highlightr (2.1.0)
  - Moya (15.0.0):
    - Moya/Core (= 15.0.0)
  - Moya/Core (15.0.0):
    - Alamofire (~> 5.0)

DEPENDENCIES:
  - AlertToast (= 1.3.9)
  - CocoaLumberjack/Swift (= 3.8.5)
  - FMDB (= 2.7.12)
  - GCDWebServer/WebDAV (~> 3.0)
  - GCDWebServer/WebUploader (~> 3.0)
  - Highlightr (= 2.1.0)
  - Moya (~> 15.0)

SPEC REPOS:
  trunk:
    - Alamofire
    - AlertToast
    - CocoaLumberjack
    - FMDB
    - GCDWebServer
    - Highlightr
    - Moya

SPEC CHECKSUMS:
  Alamofire: 02b772c9910e8eba1a079227c32fbd9e46c90a24
  AlertToast: e8db15da727beff75500bcf33a78cd617f408fa1
  CocoaLumberjack: 6a459bc897d6d80bd1b8c78482ec7ad05dffc3f0
  FMDB: 728731dd336af3936ce00f91d9d8495f5718a0e6
  GCDWebServer: 2c156a56c8226e2d5c0c3f208a3621ccffbe3ce4
  Highlightr: 595f3e100737c8de41113385da8bd0b5b65212c6
  Moya: 138f0573e53411fb3dc17016add0b748dfbd78ee

PODFILE CHECKSUM: 3422a83b14a0857e6550a27fb244d085cbdf8d05

COCOAPODS: 1.14.3
