// !$*UTF8*$!
{
	archiveVersion = 1;
	classes = {
	};
	objectVersion = 60;
	objects = {

/* Begin PBXBuildFile section */
		17F4FB7E126A2A5AC54E5533 /* Pods_GithubNote_GithubNoteUITests.framework in Frameworks */ = {isa = PBXBuildFile; fileRef = 9DB5C6036F30764FE1ED6539 /* Pods_GithubNote_GithubNoteUITests.framework */; };
		8FE4E83CC5C2EDF289DCD29D /* Pods_GithubNoteTests.framework in Frameworks */ = {isa = PBXBuildFile; fileRef = 1955D8C4A24B93D35230FA4A /* Pods_GithubNoteTests.framework */; };
		B10930FB2C3D848B006B5DB0 /* NoteContentView.swift in Sources */ = {isa = PBXBuildFile; fileRef = B10930FA2C3D848A006B5DB0 /* NoteContentView.swift */; };
		B10930FD2C3D85C5006B5DB0 /* NoteSidebarView.swift in Sources */ = {isa = PBXBuildFile; fileRef = B10930FC2C3D85C5006B5DB0 /* NoteSidebarView.swift */; };
		B10930FF2C3D8748006B5DB0 /* NoteTaskListView.swift in Sources */ = {isa = PBXBuildFile; fileRef = B10930FE2C3D8748006B5DB0 /* NoteTaskListView.swift */; };
		B10931012C3D8784006B5DB0 /* NoteTaskView.swift in Sources */ = {isa = PBXBuildFile; fileRef = B10931002C3D8784006B5DB0 /* NoteTaskView.swift */; };
		B11FDA8B2BBFE8C500EC7083 /* AppConst.swift in Sources */ = {isa = PBXBuildFile; fileRef = B11FDA8A2BBFE8C500EC7083 /* AppConst.swift */; };
		B148A5BA2BC1506000B7FBA8 /* LoginOutView.swift in Sources */ = {isa = PBXBuildFile; fileRef = B148A5B92BC1506000B7FBA8 /* LoginOutView.swift */; };
		B148A5BC2BC154FA00B7FBA8 /* Color+Extension.swift in Sources */ = {isa = PBXBuildFile; fileRef = B148A5BB2BC154FA00B7FBA8 /* Color+Extension.swift */; };
		B14983BD2CBAD5BE00CDAB6F /* GitHubLoginView.swift in Sources */ = {isa = PBXBuildFile; fileRef = B14983BC2CBAD5BE00CDAB6F /* GitHubLoginView.swift */; };
		B16462722BB0464A00F57548 /* Account.swift in Sources */ = {isa = PBXBuildFile; fileRef = B16462712BB0464A00F57548 /* Account.swift */; };
		B16C4AD42BB3164800F417D3 /* Binding+Extension.swift in Sources */ = {isa = PBXBuildFile; fileRef = B16C4AD32BB3164800F417D3 /* Binding+Extension.swift */; };
		B1922A4D2BAFF1FB00200828 /* GithubNoteApp.swift in Sources */ = {isa = PBXBuildFile; fileRef = B1922A4C2BAFF1FB00200828 /* GithubNoteApp.swift */; };
		B1922A512BAFF1FC00200828 /* Assets.xcassets in Resources */ = {isa = PBXBuildFile; fileRef = B1922A502BAFF1FC00200828 /* Assets.xcassets */; };
		B1922A552BAFF1FC00200828 /* Preview Assets.xcassets in Resources */ = {isa = PBXBuildFile; fileRef = B1922A542BAFF1FC00200828 /* Preview Assets.xcassets */; };
		B1922A5F2BAFF1FC00200828 /* GithubNoteTests.swift in Sources */ = {isa = PBXBuildFile; fileRef = B1922A5E2BAFF1FC00200828 /* GithubNoteTests.swift */; };
		B1922A692BAFF1FC00200828 /* GithubNoteUITests.swift in Sources */ = {isa = PBXBuildFile; fileRef = B1922A682BAFF1FC00200828 /* GithubNoteUITests.swift */; };
		B1922A6B2BAFF1FC00200828 /* GithubNoteUITestsLaunchTests.swift in Sources */ = {isa = PBXBuildFile; fileRef = B1922A6A2BAFF1FC00200828 /* GithubNoteUITestsLaunchTests.swift */; };
		B19DC5A02BBFD51B009C7DBE /* CommentModel.swift in Sources */ = {isa = PBXBuildFile; fileRef = B19DC59F2BBFD51B009C7DBE /* CommentModel.swift */; };
		B1AE88372C4FFDAC00BB8047 /* WriteCachePlugin.swift in Sources */ = {isa = PBXBuildFile; fileRef = B1AE88362C4FFDAC00BB8047 /* WriteCachePlugin.swift */; };
		B1B55A892C515C3300820689 /* NoteWriteModel.swift in Sources */ = {isa = PBXBuildFile; fileRef = B1B55A882C515C3300820689 /* NoteWriteModel.swift */; };
		B1B55A8B2C515C9000820689 /* AppModel.swift in Sources */ = {isa = PBXBuildFile; fileRef = B1B55A8A2C515C9000820689 /* AppModel.swift */; };
		B1B55A922C52A0C000820689 /* Data+Extension.swift in Sources */ = {isa = PBXBuildFile; fileRef = B1B55A912C52A0C000820689 /* Data+Extension.swift */; };
		B1C01ACA2BCA16BB009E9C20 /* SDWebImageSwiftUI in Frameworks */ = {isa = PBXBuildFile; productRef = B1C01AC92BCA16BB009E9C20 /* SDWebImageSwiftUI */; };
		B1CE86582C57EF77002C8335 /* NoteImageBrowserImagesView.swift in Sources */ = {isa = PBXBuildFile; fileRef = B1CE86572C57EF77002C8335 /* NoteImageBrowserImagesView.swift */; };
		B1CE865B2C5926B8002C8335 /* NotificationNameModule.swift in Sources */ = {isa = PBXBuildFile; fileRef = B1CE865A2C5926B8002C8335 /* NotificationNameModule.swift */; };
		B1D7CF542BCA11DE00362C35 /* ImagesModel.swift in Sources */ = {isa = PBXBuildFile; fileRef = B1D7CF532BCA11DE00362C35 /* ImagesModel.swift */; };
		B1DA105B2C9DB6C30074DA32 /* index in Resources */ = {isa = PBXBuildFile; fileRef = B1DA105A2C9DB6C30074DA32 /* index */; };
		B1DA105D2C9DB6CA0074DA32 /* MarkdownWebView.swift in Sources */ = {isa = PBXBuildFile; fileRef = B1DA105C2C9DB6CA0074DA32 /* MarkdownWebView.swift */; };
		B1E538622C43816F00A4B3C4 /* NoteWritePannelView.swift in Sources */ = {isa = PBXBuildFile; fileRef = B1E538612C43816F00A4B3C4 /* NoteWritePannelView.swift */; };
		B1E55A422BBF96B7000209ED /* IssuesModel.swift in Sources */ = {isa = PBXBuildFile; fileRef = B1E55A412BBF96B7000209ED /* IssuesModel.swift */; };
		B1EBBD942C9E886C005FB760 /* LogManager.swift in Sources */ = {isa = PBXBuildFile; fileRef = B1EBBD932C9E886C005FB760 /* LogManager.swift */; };
		B1EBBD972C9E93EE005FB760 /* SettingsView.swift in Sources */ = {isa = PBXBuildFile; fileRef = B1EBBD962C9E93EE005FB760 /* SettingsView.swift */; };
		B1EBBD9A2C9ED695005FB760 /* CustomDivider.swift in Sources */ = {isa = PBXBuildFile; fileRef = B1EBBD992C9ED695005FB760 /* CustomDivider.swift */; };
		B1EBBD9D2C9EF525005FB760 /* EmailManager.swift in Sources */ = {isa = PBXBuildFile; fileRef = B1EBBD9C2C9EF525005FB760 /* EmailManager.swift */; };
		B1EBBDA02C9F0079005FB760 /* LaunchApp.swift in Sources */ = {isa = PBXBuildFile; fileRef = B1EBBD9F2C9F0079005FB760 /* LaunchApp.swift */; };
		B1EBBDA22C9F2AA9005FB760 /* CustomURLSchemeHandler.swift in Sources */ = {isa = PBXBuildFile; fileRef = B1EBBDA12C9F2AA9005FB760 /* CustomURLSchemeHandler.swift */; };
		B1EBBDA42C9FDB28005FB760 /* ToastManager.swift in Sources */ = {isa = PBXBuildFile; fileRef = B1EBBDA32C9FDB28005FB760 /* ToastManager.swift */; };
		B1EBBDBA2CA05EEA005FB760 /* NoteReposView.swift in Sources */ = {isa = PBXBuildFile; fileRef = B1EBBDB92CA05EEA005FB760 /* NoteReposView.swift */; };
		B1EBBDBC2CA05FA6005FB760 /* NoteIssuesView.swift in Sources */ = {isa = PBXBuildFile; fileRef = B1EBBDBB2CA05FA6005FB760 /* NoteIssuesView.swift */; };
		B1EBBDBE2CA06A63005FB760 /* NoteIssuesHeaderView.swift in Sources */ = {isa = PBXBuildFile; fileRef = B1EBBDBD2CA06A63005FB760 /* NoteIssuesHeaderView.swift */; };
		B1EBBDC02CA06C99005FB760 /* NoteCommentsView.swift in Sources */ = {isa = PBXBuildFile; fileRef = B1EBBDBF2CA06C99005FB760 /* NoteCommentsView.swift */; };
		B1EBBDC22CA06CA4005FB760 /* NoteCommentsHeaderView.swift in Sources */ = {isa = PBXBuildFile; fileRef = B1EBBDC12CA06CA4005FB760 /* NoteCommentsHeaderView.swift */; };
		B1EBBDC42CB23818005FB760 /* SQLManager.swift in Sources */ = {isa = PBXBuildFile; fileRef = B1EBBDC32CB23818005FB760 /* SQLManager.swift */; };
		B1EBBDC62CB24D65005FB760 /* SQLManager+Repo.swift in Sources */ = {isa = PBXBuildFile; fileRef = B1EBBDC52CB24D65005FB760 /* SQLManager+Repo.swift */; };
		B1EBBDC82CB24D72005FB760 /* SQLManager+Issue.swift in Sources */ = {isa = PBXBuildFile; fileRef = B1EBBDC72CB24D72005FB760 /* SQLManager+Issue.swift */; };
		B1EBBDCA2CB24DA9005FB760 /* SQLManager+Comment.swift in Sources */ = {isa = PBXBuildFile; fileRef = B1EBBDC92CB24DA9005FB760 /* SQLManager+Comment.swift */; };
		B1EBBDCC2CB2E718005FB760 /* WebServerManager.swift in Sources */ = {isa = PBXBuildFile; fileRef = B1EBBDCB2CB2E718005FB760 /* WebServerManager.swift */; };
		B1EBBDCE2CB2F31A005FB760 /* bool+Extension.swift in Sources */ = {isa = PBXBuildFile; fileRef = B1EBBDCD2CB2F31A005FB760 /* bool+Extension.swift */; };
		B1EBBDD12CB3CD7A005FB760 /* NoteSidebarToolView.swift in Sources */ = {isa = PBXBuildFile; fileRef = B1EBBDD02CB3CD7A005FB760 /* NoteSidebarToolView.swift */; };
		B1EC0DE82BBB8DD4007975D9 /* String+Extension.swift in Sources */ = {isa = PBXBuildFile; fileRef = B1EC0DE72BBB8DD4007975D9 /* String+Extension.swift */; };
		B1EC0DF82BBE47A8007975D9 /* UserDefaults+Extension.swift in Sources */ = {isa = PBXBuildFile; fileRef = B1EC0DF72BBE47A8007975D9 /* UserDefaults+Extension.swift */; };
		B1ED88632C4ABC4E00FD8DEB /* Networking.swift in Sources */ = {isa = PBXBuildFile; fileRef = B1ED88622C4ABC4E00FD8DEB /* Networking.swift */; };
		B1ED88672C4AC60000FD8DEB /* NetworkError.swift in Sources */ = {isa = PBXBuildFile; fileRef = B1ED88662C4AC60000FD8DEB /* NetworkError.swift */; };
		B1ED886A2C4ACAFE00FD8DEB /* API.swift in Sources */ = {isa = PBXBuildFile; fileRef = B1ED88692C4ACAFE00FD8DEB /* API.swift */; };
		B1ED886F2C4ACBB900FD8DEB /* RepoModel.swift in Sources */ = {isa = PBXBuildFile; fileRef = B1ED886E2C4ACBB900FD8DEB /* RepoModel.swift */; };
		B1ED88712C4ACE0E00FD8DEB /* Modelable.swift in Sources */ = {isa = PBXBuildFile; fileRef = B1ED88702C4ACE0E00FD8DEB /* Modelable.swift */; };
		B1ED88732C4BD40600FD8DEB /* CacheManager.swift in Sources */ = {isa = PBXBuildFile; fileRef = B1ED88722C4BD40600FD8DEB /* CacheManager.swift */; };
		B1ED88752C4C057200FD8DEB /* CachePolicyPlugin.swift in Sources */ = {isa = PBXBuildFile; fileRef = B1ED88742C4C057200FD8DEB /* CachePolicyPlugin.swift */; };
		B1FE674E2C45767600970DA0 /* Common.swift in Sources */ = {isa = PBXBuildFile; fileRef = B1FE674D2C45767600970DA0 /* Common.swift */; };
		B1FE67502C46B72400970DA0 /* View+Extension.swift in Sources */ = {isa = PBXBuildFile; fileRef = B1FE674F2C46B72400970DA0 /* View+Extension.swift */; };
		B1FE67542C480B0200970DA0 /* NoteImageBrowserView.swift in Sources */ = {isa = PBXBuildFile; fileRef = B1FE67532C480B0200970DA0 /* NoteImageBrowserView.swift */; };
		E9A119FC00268F2F27DE1D6F /* Pods_GithubNote.framework in Frameworks */ = {isa = PBXBuildFile; fileRef = 67D56CF39CE8C3C40BEF463D /* Pods_GithubNote.framework */; };
/* End PBXBuildFile section */

/* Begin PBXContainerItemProxy section */
		B1922A5B2BAFF1FC00200828 /* PBXContainerItemProxy */ = {
			isa = PBXContainerItemProxy;
			containerPortal = B1922A412BAFF1FB00200828 /* Project object */;
			proxyType = 1;
			remoteGlobalIDString = B1922A482BAFF1FB00200828;
			remoteInfo = GithubNote;
		};
		B1922A652BAFF1FC00200828 /* PBXContainerItemProxy */ = {
			isa = PBXContainerItemProxy;
			containerPortal = B1922A412BAFF1FB00200828 /* Project object */;
			proxyType = 1;
			remoteGlobalIDString = B1922A482BAFF1FB00200828;
			remoteInfo = GithubNote;
		};
/* End PBXContainerItemProxy section */

/* Begin PBXFileReference section */
		1955D8C4A24B93D35230FA4A /* Pods_GithubNoteTests.framework */ = {isa = PBXFileReference; explicitFileType = wrapper.framework; includeInIndex = 0; path = Pods_GithubNoteTests.framework; sourceTree = BUILT_PRODUCTS_DIR; };
		3D94AC20DE67D4184F146FF0 /* Pods-GithubNoteTests.debug.xcconfig */ = {isa = PBXFileReference; includeInIndex = 1; lastKnownFileType = text.xcconfig; name = "Pods-GithubNoteTests.debug.xcconfig"; path = "Target Support Files/Pods-GithubNoteTests/Pods-GithubNoteTests.debug.xcconfig"; sourceTree = "<group>"; };
		67D56CF39CE8C3C40BEF463D /* Pods_GithubNote.framework */ = {isa = PBXFileReference; explicitFileType = wrapper.framework; includeInIndex = 0; path = Pods_GithubNote.framework; sourceTree = BUILT_PRODUCTS_DIR; };
		714DB4F4CAD7582FF24D3FE2 /* Pods-GithubNoteTests.release.xcconfig */ = {isa = PBXFileReference; includeInIndex = 1; lastKnownFileType = text.xcconfig; name = "Pods-GithubNoteTests.release.xcconfig"; path = "Target Support Files/Pods-GithubNoteTests/Pods-GithubNoteTests.release.xcconfig"; sourceTree = "<group>"; };
		887DD079CAA95E3D452F42C6 /* Pods-GithubNote-GithubNoteUITests.release.xcconfig */ = {isa = PBXFileReference; includeInIndex = 1; lastKnownFileType = text.xcconfig; name = "Pods-GithubNote-GithubNoteUITests.release.xcconfig"; path = "Target Support Files/Pods-GithubNote-GithubNoteUITests/Pods-GithubNote-GithubNoteUITests.release.xcconfig"; sourceTree = "<group>"; };
		91D85241B7F39F36D37A5F29 /* Pods-GithubNote.release.xcconfig */ = {isa = PBXFileReference; includeInIndex = 1; lastKnownFileType = text.xcconfig; name = "Pods-GithubNote.release.xcconfig"; path = "Target Support Files/Pods-GithubNote/Pods-GithubNote.release.xcconfig"; sourceTree = "<group>"; };
		9DB5C6036F30764FE1ED6539 /* Pods_GithubNote_GithubNoteUITests.framework */ = {isa = PBXFileReference; explicitFileType = wrapper.framework; includeInIndex = 0; path = Pods_GithubNote_GithubNoteUITests.framework; sourceTree = BUILT_PRODUCTS_DIR; };
		B10930FA2C3D848A006B5DB0 /* NoteContentView.swift */ = {isa = PBXFileReference; lastKnownFileType = sourcecode.swift; path = NoteContentView.swift; sourceTree = "<group>"; };
		B10930FC2C3D85C5006B5DB0 /* NoteSidebarView.swift */ = {isa = PBXFileReference; lastKnownFileType = sourcecode.swift; path = NoteSidebarView.swift; sourceTree = "<group>"; };
		B10930FE2C3D8748006B5DB0 /* NoteTaskListView.swift */ = {isa = PBXFileReference; lastKnownFileType = sourcecode.swift; path = NoteTaskListView.swift; sourceTree = "<group>"; };
		B10931002C3D8784006B5DB0 /* NoteTaskView.swift */ = {isa = PBXFileReference; lastKnownFileType = sourcecode.swift; path = NoteTaskView.swift; sourceTree = "<group>"; };
		B11FDA8A2BBFE8C500EC7083 /* AppConst.swift */ = {isa = PBXFileReference; lastKnownFileType = sourcecode.swift; path = AppConst.swift; sourceTree = "<group>"; };
		B148A5B92BC1506000B7FBA8 /* LoginOutView.swift */ = {isa = PBXFileReference; lastKnownFileType = sourcecode.swift; path = LoginOutView.swift; sourceTree = "<group>"; };
		B148A5BB2BC154FA00B7FBA8 /* Color+Extension.swift */ = {isa = PBXFileReference; lastKnownFileType = sourcecode.swift; path = "Color+Extension.swift"; sourceTree = "<group>"; };
		B14983BB2CBAD3C400CDAB6F /* Info.plist */ = {isa = PBXFileReference; lastKnownFileType = text.plist; path = Info.plist; sourceTree = "<group>"; };
		B14983BC2CBAD5BE00CDAB6F /* GitHubLoginView.swift */ = {isa = PBXFileReference; lastKnownFileType = sourcecode.swift; path = GitHubLoginView.swift; sourceTree = "<group>"; };
		B16462712BB0464A00F57548 /* Account.swift */ = {isa = PBXFileReference; lastKnownFileType = sourcecode.swift; path = Account.swift; sourceTree = "<group>"; };
		B16C4AD32BB3164800F417D3 /* Binding+Extension.swift */ = {isa = PBXFileReference; lastKnownFileType = sourcecode.swift; path = "Binding+Extension.swift"; sourceTree = "<group>"; };
		B1922A492BAFF1FB00200828 /* GithubNote.app */ = {isa = PBXFileReference; explicitFileType = wrapper.application; includeInIndex = 0; path = GithubNote.app; sourceTree = BUILT_PRODUCTS_DIR; };
		B1922A4C2BAFF1FB00200828 /* GithubNoteApp.swift */ = {isa = PBXFileReference; lastKnownFileType = sourcecode.swift; path = GithubNoteApp.swift; sourceTree = "<group>"; };
		B1922A502BAFF1FC00200828 /* Assets.xcassets */ = {isa = PBXFileReference; lastKnownFileType = folder.assetcatalog; path = Assets.xcassets; sourceTree = "<group>"; };
		B1922A522BAFF1FC00200828 /* GithubNote.entitlements */ = {isa = PBXFileReference; lastKnownFileType = text.plist.entitlements; path = GithubNote.entitlements; sourceTree = "<group>"; };
		B1922A542BAFF1FC00200828 /* Preview Assets.xcassets */ = {isa = PBXFileReference; lastKnownFileType = folder.assetcatalog; path = "Preview Assets.xcassets"; sourceTree = "<group>"; };
		B1922A5A2BAFF1FC00200828 /* GithubNoteTests.xctest */ = {isa = PBXFileReference; explicitFileType = wrapper.cfbundle; includeInIndex = 0; path = GithubNoteTests.xctest; sourceTree = BUILT_PRODUCTS_DIR; };
		B1922A5E2BAFF1FC00200828 /* GithubNoteTests.swift */ = {isa = PBXFileReference; lastKnownFileType = sourcecode.swift; path = GithubNoteTests.swift; sourceTree = "<group>"; };
		B1922A642BAFF1FC00200828 /* GithubNoteUITests.xctest */ = {isa = PBXFileReference; explicitFileType = wrapper.cfbundle; includeInIndex = 0; path = GithubNoteUITests.xctest; sourceTree = BUILT_PRODUCTS_DIR; };
		B1922A682BAFF1FC00200828 /* GithubNoteUITests.swift */ = {isa = PBXFileReference; lastKnownFileType = sourcecode.swift; path = GithubNoteUITests.swift; sourceTree = "<group>"; };
		B1922A6A2BAFF1FC00200828 /* GithubNoteUITestsLaunchTests.swift */ = {isa = PBXFileReference; lastKnownFileType = sourcecode.swift; path = GithubNoteUITestsLaunchTests.swift; sourceTree = "<group>"; };
		B19DC59F2BBFD51B009C7DBE /* CommentModel.swift */ = {isa = PBXFileReference; lastKnownFileType = sourcecode.swift; path = CommentModel.swift; sourceTree = "<group>"; };
		B1AE88362C4FFDAC00BB8047 /* WriteCachePlugin.swift */ = {isa = PBXFileReference; lastKnownFileType = sourcecode.swift; path = WriteCachePlugin.swift; sourceTree = "<group>"; };
		B1B55A882C515C3300820689 /* NoteWriteModel.swift */ = {isa = PBXFileReference; lastKnownFileType = sourcecode.swift; path = NoteWriteModel.swift; sourceTree = "<group>"; };
		B1B55A8A2C515C9000820689 /* AppModel.swift */ = {isa = PBXFileReference; lastKnownFileType = sourcecode.swift; path = AppModel.swift; sourceTree = "<group>"; };
		B1B55A912C52A0C000820689 /* Data+Extension.swift */ = {isa = PBXFileReference; lastKnownFileType = sourcecode.swift; path = "Data+Extension.swift"; sourceTree = "<group>"; };
		B1CE86572C57EF77002C8335 /* NoteImageBrowserImagesView.swift */ = {isa = PBXFileReference; lastKnownFileType = sourcecode.swift; path = NoteImageBrowserImagesView.swift; sourceTree = "<group>"; };
		B1CE865A2C5926B8002C8335 /* NotificationNameModule.swift */ = {isa = PBXFileReference; lastKnownFileType = sourcecode.swift; path = NotificationNameModule.swift; sourceTree = "<group>"; };
		B1D7CF532BCA11DE00362C35 /* ImagesModel.swift */ = {isa = PBXFileReference; lastKnownFileType = sourcecode.swift; path = ImagesModel.swift; sourceTree = "<group>"; };
		B1DA105A2C9DB6C30074DA32 /* index */ = {isa = PBXFileReference; lastKnownFileType = folder; path = index; sourceTree = "<group>"; };
		B1DA105C2C9DB6CA0074DA32 /* MarkdownWebView.swift */ = {isa = PBXFileReference; fileEncoding = 4; lastKnownFileType = sourcecode.swift; path = MarkdownWebView.swift; sourceTree = "<group>"; };
		B1E538612C43816F00A4B3C4 /* NoteWritePannelView.swift */ = {isa = PBXFileReference; lastKnownFileType = sourcecode.swift; path = NoteWritePannelView.swift; sourceTree = "<group>"; };
		B1E55A412BBF96B7000209ED /* IssuesModel.swift */ = {isa = PBXFileReference; lastKnownFileType = sourcecode.swift; path = IssuesModel.swift; sourceTree = "<group>"; };
		B1EBBD932C9E886C005FB760 /* LogManager.swift */ = {isa = PBXFileReference; lastKnownFileType = sourcecode.swift; path = LogManager.swift; sourceTree = "<group>"; };
		B1EBBD962C9E93EE005FB760 /* SettingsView.swift */ = {isa = PBXFileReference; lastKnownFileType = sourcecode.swift; path = SettingsView.swift; sourceTree = "<group>"; };
		B1EBBD992C9ED695005FB760 /* CustomDivider.swift */ = {isa = PBXFileReference; lastKnownFileType = sourcecode.swift; path = CustomDivider.swift; sourceTree = "<group>"; };
		B1EBBD9C2C9EF525005FB760 /* EmailManager.swift */ = {isa = PBXFileReference; lastKnownFileType = sourcecode.swift; path = EmailManager.swift; sourceTree = "<group>"; };
		B1EBBD9F2C9F0079005FB760 /* LaunchApp.swift */ = {isa = PBXFileReference; lastKnownFileType = sourcecode.swift; path = LaunchApp.swift; sourceTree = "<group>"; };
		B1EBBDA12C9F2AA9005FB760 /* CustomURLSchemeHandler.swift */ = {isa = PBXFileReference; lastKnownFileType = sourcecode.swift; path = CustomURLSchemeHandler.swift; sourceTree = "<group>"; };
		B1EBBDA32C9FDB28005FB760 /* ToastManager.swift */ = {isa = PBXFileReference; lastKnownFileType = sourcecode.swift; path = ToastManager.swift; sourceTree = "<group>"; };
		B1EBBDB92CA05EEA005FB760 /* NoteReposView.swift */ = {isa = PBXFileReference; lastKnownFileType = sourcecode.swift; path = NoteReposView.swift; sourceTree = "<group>"; };
		B1EBBDBB2CA05FA6005FB760 /* NoteIssuesView.swift */ = {isa = PBXFileReference; lastKnownFileType = sourcecode.swift; path = NoteIssuesView.swift; sourceTree = "<group>"; };
		B1EBBDBD2CA06A63005FB760 /* NoteIssuesHeaderView.swift */ = {isa = PBXFileReference; lastKnownFileType = sourcecode.swift; path = NoteIssuesHeaderView.swift; sourceTree = "<group>"; };
		B1EBBDBF2CA06C99005FB760 /* NoteCommentsView.swift */ = {isa = PBXFileReference; lastKnownFileType = sourcecode.swift; path = NoteCommentsView.swift; sourceTree = "<group>"; };
		B1EBBDC12CA06CA4005FB760 /* NoteCommentsHeaderView.swift */ = {isa = PBXFileReference; lastKnownFileType = sourcecode.swift; path = NoteCommentsHeaderView.swift; sourceTree = "<group>"; };
		B1EBBDC32CB23818005FB760 /* SQLManager.swift */ = {isa = PBXFileReference; lastKnownFileType = sourcecode.swift; path = SQLManager.swift; sourceTree = "<group>"; };
		B1EBBDC52CB24D65005FB760 /* SQLManager+Repo.swift */ = {isa = PBXFileReference; lastKnownFileType = sourcecode.swift; path = "SQLManager+Repo.swift"; sourceTree = "<group>"; };
		B1EBBDC72CB24D72005FB760 /* SQLManager+Issue.swift */ = {isa = PBXFileReference; lastKnownFileType = sourcecode.swift; path = "SQLManager+Issue.swift"; sourceTree = "<group>"; };
		B1EBBDC92CB24DA9005FB760 /* SQLManager+Comment.swift */ = {isa = PBXFileReference; lastKnownFileType = sourcecode.swift; path = "SQLManager+Comment.swift"; sourceTree = "<group>"; };
		B1EBBDCB2CB2E718005FB760 /* WebServerManager.swift */ = {isa = PBXFileReference; lastKnownFileType = sourcecode.swift; path = WebServerManager.swift; sourceTree = "<group>"; };
		B1EBBDCD2CB2F31A005FB760 /* bool+Extension.swift */ = {isa = PBXFileReference; lastKnownFileType = sourcecode.swift; path = "bool+Extension.swift"; sourceTree = "<group>"; };
		B1EBBDD02CB3CD7A005FB760 /* NoteSidebarToolView.swift */ = {isa = PBXFileReference; lastKnownFileType = sourcecode.swift; path = NoteSidebarToolView.swift; sourceTree = "<group>"; };
		B1EC0DE72BBB8DD4007975D9 /* String+Extension.swift */ = {isa = PBXFileReference; lastKnownFileType = sourcecode.swift; path = "String+Extension.swift"; sourceTree = "<group>"; };
		B1EC0DF72BBE47A8007975D9 /* UserDefaults+Extension.swift */ = {isa = PBXFileReference; lastKnownFileType = sourcecode.swift; path = "UserDefaults+Extension.swift"; sourceTree = "<group>"; };
		B1ED88622C4ABC4E00FD8DEB /* Networking.swift */ = {isa = PBXFileReference; lastKnownFileType = sourcecode.swift; path = Networking.swift; sourceTree = "<group>"; };
		B1ED88662C4AC60000FD8DEB /* NetworkError.swift */ = {isa = PBXFileReference; lastKnownFileType = sourcecode.swift; path = NetworkError.swift; sourceTree = "<group>"; };
		B1ED88692C4ACAFE00FD8DEB /* API.swift */ = {isa = PBXFileReference; lastKnownFileType = sourcecode.swift; path = API.swift; sourceTree = "<group>"; };
		B1ED886E2C4ACBB900FD8DEB /* RepoModel.swift */ = {isa = PBXFileReference; lastKnownFileType = sourcecode.swift; path = RepoModel.swift; sourceTree = "<group>"; };
		B1ED88702C4ACE0E00FD8DEB /* Modelable.swift */ = {isa = PBXFileReference; lastKnownFileType = sourcecode.swift; path = Modelable.swift; sourceTree = "<group>"; };
		B1ED88722C4BD40600FD8DEB /* CacheManager.swift */ = {isa = PBXFileReference; lastKnownFileType = sourcecode.swift; path = CacheManager.swift; sourceTree = "<group>"; };
		B1ED88742C4C057200FD8DEB /* CachePolicyPlugin.swift */ = {isa = PBXFileReference; lastKnownFileType = sourcecode.swift; path = CachePolicyPlugin.swift; sourceTree = "<group>"; };
		B1FE674D2C45767600970DA0 /* Common.swift */ = {isa = PBXFileReference; lastKnownFileType = sourcecode.swift; path = Common.swift; sourceTree = "<group>"; };
		B1FE674F2C46B72400970DA0 /* View+Extension.swift */ = {isa = PBXFileReference; lastKnownFileType = sourcecode.swift; path = "View+Extension.swift"; sourceTree = "<group>"; };
		B1FE67532C480B0200970DA0 /* NoteImageBrowserView.swift */ = {isa = PBXFileReference; lastKnownFileType = sourcecode.swift; path = NoteImageBrowserView.swift; sourceTree = "<group>"; };
		CCBEDDBB70377BC5F6CCDC54 /* Pods-GithubNote-GithubNoteUITests.debug.xcconfig */ = {isa = PBXFileReference; includeInIndex = 1; lastKnownFileType = text.xcconfig; name = "Pods-GithubNote-GithubNoteUITests.debug.xcconfig"; path = "Target Support Files/Pods-GithubNote-GithubNoteUITests/Pods-GithubNote-GithubNoteUITests.debug.xcconfig"; sourceTree = "<group>"; };
		E1B79E6A4FF24374131296A2 /* Pods-GithubNote.debug.xcconfig */ = {isa = PBXFileReference; includeInIndex = 1; lastKnownFileType = text.xcconfig; name = "Pods-GithubNote.debug.xcconfig"; path = "Target Support Files/Pods-GithubNote/Pods-GithubNote.debug.xcconfig"; sourceTree = "<group>"; };
/* End PBXFileReference section */

/* Begin PBXFrameworksBuildPhase section */
		B1922A462BAFF1FB00200828 /* Frameworks */ = {
			isa = PBXFrameworksBuildPhase;
			buildActionMask = 2147483647;
			files = (
				B1C01ACA2BCA16BB009E9C20 /* SDWebImageSwiftUI in Frameworks */,
				E9A119FC00268F2F27DE1D6F /* Pods_GithubNote.framework in Frameworks */,
			);
			runOnlyForDeploymentPostprocessing = 0;
		};
		B1922A572BAFF1FC00200828 /* Frameworks */ = {
			isa = PBXFrameworksBuildPhase;
			buildActionMask = 2147483647;
			files = (
				8FE4E83CC5C2EDF289DCD29D /* Pods_GithubNoteTests.framework in Frameworks */,
			);
			runOnlyForDeploymentPostprocessing = 0;
		};
		B1922A612BAFF1FC00200828 /* Frameworks */ = {
			isa = PBXFrameworksBuildPhase;
			buildActionMask = 2147483647;
			files = (
				17F4FB7E126A2A5AC54E5533 /* Pods_GithubNote_GithubNoteUITests.framework in Frameworks */,
			);
			runOnlyForDeploymentPostprocessing = 0;
		};
/* End PBXFrameworksBuildPhase section */

/* Begin PBXGroup section */
		89E99F2B4333D002ACBB01B9 /* Pods */ = {
			isa = PBXGroup;
			children = (
				E1B79E6A4FF24374131296A2 /* Pods-GithubNote.debug.xcconfig */,
				91D85241B7F39F36D37A5F29 /* Pods-GithubNote.release.xcconfig */,
				CCBEDDBB70377BC5F6CCDC54 /* Pods-GithubNote-GithubNoteUITests.debug.xcconfig */,
				887DD079CAA95E3D452F42C6 /* Pods-GithubNote-GithubNoteUITests.release.xcconfig */,
				3D94AC20DE67D4184F146FF0 /* Pods-GithubNoteTests.debug.xcconfig */,
				714DB4F4CAD7582FF24D3FE2 /* Pods-GithubNoteTests.release.xcconfig */,
			);
			path = Pods;
			sourceTree = "<group>";
		};
		B11B515A2BBF965D0016158E /* Issues */ = {
			isa = PBXGroup;
			children = (
				B11B515C2BBF96780016158E /* Model */,
			);
			path = Issues;
			sourceTree = "<group>";
		};
		B11B515C2BBF96780016158E /* Model */ = {
			isa = PBXGroup;
			children = (
				B1E55A412BBF96B7000209ED /* IssuesModel.swift */,
			);
			path = Model;
			sourceTree = "<group>";
		};
		B18536282C4ABC1400867E91 /* Network */ = {
			isa = PBXGroup;
			children = (
				B1ED88622C4ABC4E00FD8DEB /* Networking.swift */,
				B1ED88662C4AC60000FD8DEB /* NetworkError.swift */,
			);
			path = Network;
			sourceTree = "<group>";
		};
		B1922A402BAFF1FB00200828 = {
			isa = PBXGroup;
			children = (
				B1922A4B2BAFF1FB00200828 /* GithubNote */,
				B1922A5D2BAFF1FC00200828 /* GithubNoteTests */,
				B1922A672BAFF1FC00200828 /* GithubNoteUITests */,
				B1922A4A2BAFF1FB00200828 /* Products */,
				89E99F2B4333D002ACBB01B9 /* Pods */,
				E0D543B28003D00E622BBB73 /* Frameworks */,
			);
			sourceTree = "<group>";
		};
		B1922A4A2BAFF1FB00200828 /* Products */ = {
			isa = PBXGroup;
			children = (
				B1922A492BAFF1FB00200828 /* GithubNote.app */,
				B1922A5A2BAFF1FC00200828 /* GithubNoteTests.xctest */,
				B1922A642BAFF1FC00200828 /* GithubNoteUITests.xctest */,
			);
			name = Products;
			sourceTree = "<group>";
		};
		B1922A4B2BAFF1FB00200828 /* GithubNote */ = {
			isa = PBXGroup;
			children = (
				B14983BB2CBAD3C400CDAB6F /* Info.plist */,
				B1922A4C2BAFF1FB00200828 /* GithubNoteApp.swift */,
				B1EBBD9E2C9F0056005FB760 /* LaunchApp */,
				B1EBBD922C9E885F005FB760 /* Log */,
				B1ED88682C4ACAE500FD8DEB /* API */,
				B1ED886B2C4ACB5900FD8DEB /* Cache */,
				B18536282C4ABC1400867E91 /* Network */,
				B1FE674C2C45766800970DA0 /* Common */,
				B1EC0DF42BBE4324007975D9 /* Extension */,
				B1AE88382C51564E00BB8047 /* Module */,
				B1922A502BAFF1FC00200828 /* Assets.xcassets */,
				B1922A522BAFF1FC00200828 /* GithubNote.entitlements */,
				B1922A532BAFF1FC00200828 /* Preview Content */,
			);
			path = GithubNote;
			sourceTree = "<group>";
		};
		B1922A532BAFF1FC00200828 /* Preview Content */ = {
			isa = PBXGroup;
			children = (
				B1922A542BAFF1FC00200828 /* Preview Assets.xcassets */,
			);
			path = "Preview Content";
			sourceTree = "<group>";
		};
		B1922A5D2BAFF1FC00200828 /* GithubNoteTests */ = {
			isa = PBXGroup;
			children = (
				B1922A5E2BAFF1FC00200828 /* GithubNoteTests.swift */,
			);
			path = GithubNoteTests;
			sourceTree = "<group>";
		};
		B1922A672BAFF1FC00200828 /* GithubNoteUITests */ = {
			isa = PBXGroup;
			children = (
				B1922A682BAFF1FC00200828 /* GithubNoteUITests.swift */,
				B1922A6A2BAFF1FC00200828 /* GithubNoteUITestsLaunchTests.swift */,
			);
			path = GithubNoteUITests;
			sourceTree = "<group>";
		};
		B1AE88382C51564E00BB8047 /* Module */ = {
			isa = PBXGroup;
			children = (
				B1EBBD952C9E93E3005FB760 /* Settings */,
				B1DA10592C9DB6A20074DA32 /* Markdown */,
				B1EC0DEB2BBE428F007975D9 /* App */,
				B1B55A8D2C515D8100820689 /* Repo */,
				B1D7CF512BCA11BB00362C35 /* ImagesBrowser */,
				B1E55A472BBFD482000209ED /* Comment */,
				B1EC0DED2BBE42AD007975D9 /* Edit */,
				B1EC0DEC2BBE4295007975D9 /* Login */,
				B11B515A2BBF965D0016158E /* Issues */,
			);
			path = Module;
			sourceTree = "<group>";
		};
		B1B55A8C2C515D6400820689 /* Plugins */ = {
			isa = PBXGroup;
			children = (
				B1ED88742C4C057200FD8DEB /* CachePolicyPlugin.swift */,
				B1AE88362C4FFDAC00BB8047 /* WriteCachePlugin.swift */,
			);
			path = Plugins;
			sourceTree = "<group>";
		};
		B1B55A8D2C515D8100820689 /* Repo */ = {
			isa = PBXGroup;
			children = (
				B1B55A8E2C515D9C00820689 /* Model */,
			);
			path = Repo;
			sourceTree = "<group>";
		};
		B1B55A8E2C515D9C00820689 /* Model */ = {
			isa = PBXGroup;
			children = (
				B1ED886E2C4ACBB900FD8DEB /* RepoModel.swift */,
			);
			path = Model;
			sourceTree = "<group>";
		};
		B1B55A8F2C515DB600820689 /* Model */ = {
			isa = PBXGroup;
			children = (
				B1ED88722C4BD40600FD8DEB /* CacheManager.swift */,
			);
			path = Model;
			sourceTree = "<group>";
		};
		B1B55A902C515E2000820689 /* Modelable */ = {
			isa = PBXGroup;
			children = (
				B1ED88702C4ACE0E00FD8DEB /* Modelable.swift */,
			);
			path = Modelable;
			sourceTree = "<group>";
		};
		B1CE86592C592690002C8335 /* Notification */ = {
			isa = PBXGroup;
			children = (
				B1CE865A2C5926B8002C8335 /* NotificationNameModule.swift */,
			);
			path = Notification;
			sourceTree = "<group>";
		};
		B1D7CF512BCA11BB00362C35 /* ImagesBrowser */ = {
			isa = PBXGroup;
			children = (
				B1D7CF552BCA121900362C35 /* View */,
				B1D7CF522BCA11D300362C35 /* Model */,
			);
			path = ImagesBrowser;
			sourceTree = "<group>";
		};
		B1D7CF522BCA11D300362C35 /* Model */ = {
			isa = PBXGroup;
			children = (
				B1D7CF532BCA11DE00362C35 /* ImagesModel.swift */,
			);
			path = Model;
			sourceTree = "<group>";
		};
		B1D7CF552BCA121900362C35 /* View */ = {
			isa = PBXGroup;
			children = (
				B1FE67532C480B0200970DA0 /* NoteImageBrowserView.swift */,
				B1CE86572C57EF77002C8335 /* NoteImageBrowserImagesView.swift */,
			);
			path = View;
			sourceTree = "<group>";
		};
		B1DA10592C9DB6A20074DA32 /* Markdown */ = {
			isa = PBXGroup;
			children = (
				B1EBBDA12C9F2AA9005FB760 /* CustomURLSchemeHandler.swift */,
				B1DA105C2C9DB6CA0074DA32 /* MarkdownWebView.swift */,
				B1DA105A2C9DB6C30074DA32 /* index */,
			);
			path = Markdown;
			sourceTree = "<group>";
		};
		B1E55A472BBFD482000209ED /* Comment */ = {
			isa = PBXGroup;
			children = (
				B1E55A492BBFD4E7000209ED /* Model */,
			);
			path = Comment;
			sourceTree = "<group>";
		};
		B1E55A492BBFD4E7000209ED /* Model */ = {
			isa = PBXGroup;
			children = (
				B19DC59F2BBFD51B009C7DBE /* CommentModel.swift */,
			);
			path = Model;
			sourceTree = "<group>";
		};
		B1EBBD922C9E885F005FB760 /* Log */ = {
			isa = PBXGroup;
			children = (
				B1EBBD932C9E886C005FB760 /* LogManager.swift */,
			);
			path = Log;
			sourceTree = "<group>";
		};
		B1EBBD952C9E93E3005FB760 /* Settings */ = {
			isa = PBXGroup;
			children = (
				B1EBBD962C9E93EE005FB760 /* SettingsView.swift */,
			);
			path = Settings;
			sourceTree = "<group>";
		};
		B1EBBD982C9ED683005FB760 /* View */ = {
			isa = PBXGroup;
			children = (
				B1EBBD992C9ED695005FB760 /* CustomDivider.swift */,
			);
			path = View;
			sourceTree = "<group>";
		};
		B1EBBD9B2C9EF50F005FB760 /* Email */ = {
			isa = PBXGroup;
			children = (
				B1EBBD9C2C9EF525005FB760 /* EmailManager.swift */,
			);
			path = Email;
			sourceTree = "<group>";
		};
		B1EBBD9E2C9F0056005FB760 /* LaunchApp */ = {
			isa = PBXGroup;
			children = (
				B1EBBD9F2C9F0079005FB760 /* LaunchApp.swift */,
			);
			path = LaunchApp;
			sourceTree = "<group>";
		};
		B1EBBDCF2CB30D33005FB760 /* SQL */ = {
			isa = PBXGroup;
			children = (
				B1EBBDC32CB23818005FB760 /* SQLManager.swift */,
				B1EBBDC52CB24D65005FB760 /* SQLManager+Repo.swift */,
				B1EBBDC72CB24D72005FB760 /* SQLManager+Issue.swift */,
				B1EBBDC92CB24DA9005FB760 /* SQLManager+Comment.swift */,
			);
			path = SQL;
			sourceTree = "<group>";
		};
		B1EC0DEB2BBE428F007975D9 /* App */ = {
			isa = PBXGroup;
			children = (
				B1EC0DEF2BBE42BF007975D9 /* Model */,
				B1EC0DEE2BBE42BB007975D9 /* View */,
			);
			path = App;
			sourceTree = "<group>";
		};
		B1EC0DEC2BBE4295007975D9 /* Login */ = {
			isa = PBXGroup;
			children = (
				B1EC0DF32BBE4310007975D9 /* Model */,
				B1EC0DF22BBE4309007975D9 /* View */,
			);
			path = Login;
			sourceTree = "<group>";
		};
		B1EC0DED2BBE42AD007975D9 /* Edit */ = {
			isa = PBXGroup;
			children = (
				B1EC0DF12BBE42E8007975D9 /* Model */,
				B1EC0DF02BBE42D6007975D9 /* View */,
			);
			path = Edit;
			sourceTree = "<group>";
		};
		B1EC0DEE2BBE42BB007975D9 /* View */ = {
			isa = PBXGroup;
			children = (
				B10930FA2C3D848A006B5DB0 /* NoteContentView.swift */,
				B10930FC2C3D85C5006B5DB0 /* NoteSidebarView.swift */,
				B1EBBDD02CB3CD7A005FB760 /* NoteSidebarToolView.swift */,
				B1EBBDBB2CA05FA6005FB760 /* NoteIssuesView.swift */,
				B1EBBDBD2CA06A63005FB760 /* NoteIssuesHeaderView.swift */,
				B1EBBDBF2CA06C99005FB760 /* NoteCommentsView.swift */,
				B1EBBDC12CA06CA4005FB760 /* NoteCommentsHeaderView.swift */,
				B1EBBDB92CA05EEA005FB760 /* NoteReposView.swift */,
				B10930FE2C3D8748006B5DB0 /* NoteTaskListView.swift */,
				B10931002C3D8784006B5DB0 /* NoteTaskView.swift */,
			);
			path = View;
			sourceTree = "<group>";
		};
		B1EC0DEF2BBE42BF007975D9 /* Model */ = {
			isa = PBXGroup;
			children = (
				B11FDA8A2BBFE8C500EC7083 /* AppConst.swift */,
				B1B55A8A2C515C9000820689 /* AppModel.swift */,
			);
			path = Model;
			sourceTree = "<group>";
		};
		B1EC0DF02BBE42D6007975D9 /* View */ = {
			isa = PBXGroup;
			children = (
				B1E538612C43816F00A4B3C4 /* NoteWritePannelView.swift */,
			);
			path = View;
			sourceTree = "<group>";
		};
		B1EC0DF12BBE42E8007975D9 /* Model */ = {
			isa = PBXGroup;
			children = (
				B1B55A882C515C3300820689 /* NoteWriteModel.swift */,
			);
			path = Model;
			sourceTree = "<group>";
		};
		B1EC0DF22BBE4309007975D9 /* View */ = {
			isa = PBXGroup;
			children = (
				B148A5B92BC1506000B7FBA8 /* LoginOutView.swift */,
				B14983BC2CBAD5BE00CDAB6F /* GitHubLoginView.swift */,
			);
			path = View;
			sourceTree = "<group>";
		};
		B1EC0DF32BBE4310007975D9 /* Model */ = {
			isa = PBXGroup;
			children = (
				B16462712BB0464A00F57548 /* Account.swift */,
			);
			path = Model;
			sourceTree = "<group>";
		};
		B1EC0DF42BBE4324007975D9 /* Extension */ = {
			isa = PBXGroup;
			children = (
				B16C4AD32BB3164800F417D3 /* Binding+Extension.swift */,
				B1EC0DE72BBB8DD4007975D9 /* String+Extension.swift */,
				B1EC0DF72BBE47A8007975D9 /* UserDefaults+Extension.swift */,
				B148A5BB2BC154FA00B7FBA8 /* Color+Extension.swift */,
				B1FE674F2C46B72400970DA0 /* View+Extension.swift */,
				B1B55A912C52A0C000820689 /* Data+Extension.swift */,
				B1EBBDCD2CB2F31A005FB760 /* bool+Extension.swift */,
			);
			path = Extension;
			sourceTree = "<group>";
		};
		B1ED88682C4ACAE500FD8DEB /* API */ = {
			isa = PBXGroup;
			children = (
				B1ED88692C4ACAFE00FD8DEB /* API.swift */,
				B1B55A902C515E2000820689 /* Modelable */,
				B1B55A8C2C515D6400820689 /* Plugins */,
			);
			path = API;
			sourceTree = "<group>";
		};
		B1ED886B2C4ACB5900FD8DEB /* Cache */ = {
			isa = PBXGroup;
			children = (
				B1EBBDCF2CB30D33005FB760 /* SQL */,
				B1B55A8F2C515DB600820689 /* Model */,
			);
			path = Cache;
			sourceTree = "<group>";
		};
		B1FE674C2C45766800970DA0 /* Common */ = {
			isa = PBXGroup;
			children = (
				B1EBBDCB2CB2E718005FB760 /* WebServerManager.swift */,
				B1FE674D2C45767600970DA0 /* Common.swift */,
				B1EBBDA32C9FDB28005FB760 /* ToastManager.swift */,
				B1EBBD9B2C9EF50F005FB760 /* Email */,
				B1EBBD982C9ED683005FB760 /* View */,
				B1CE86592C592690002C8335 /* Notification */,
			);
			path = Common;
			sourceTree = "<group>";
		};
		E0D543B28003D00E622BBB73 /* Frameworks */ = {
			isa = PBXGroup;
			children = (
				67D56CF39CE8C3C40BEF463D /* Pods_GithubNote.framework */,
				9DB5C6036F30764FE1ED6539 /* Pods_GithubNote_GithubNoteUITests.framework */,
				1955D8C4A24B93D35230FA4A /* Pods_GithubNoteTests.framework */,
			);
			name = Frameworks;
			sourceTree = "<group>";
		};
/* End PBXGroup section */

/* Begin PBXNativeTarget section */
		B1922A482BAFF1FB00200828 /* GithubNote */ = {
			isa = PBXNativeTarget;
			buildConfigurationList = B1922A6E2BAFF1FC00200828 /* Build configuration list for PBXNativeTarget "GithubNote" */;
			buildPhases = (
				30AA118EE45EA070EC977EB4 /* [CP] Check Pods Manifest.lock */,
				B1922A452BAFF1FB00200828 /* Sources */,
				B1922A462BAFF1FB00200828 /* Frameworks */,
				B1922A472BAFF1FB00200828 /* Resources */,
				BCA1229F22DB0C781D184AC0 /* [CP] Embed Pods Frameworks */,
			);
			buildRules = (
			);
			dependencies = (
			);
			name = GithubNote;
			packageProductDependencies = (
				B1C01AC92BCA16BB009E9C20 /* SDWebImageSwiftUI */,
			);
			productName = GithubNote;
			productReference = B1922A492BAFF1FB00200828 /* GithubNote.app */;
			productType = "com.apple.product-type.application";
		};
		B1922A592BAFF1FC00200828 /* GithubNoteTests */ = {
			isa = PBXNativeTarget;
			buildConfigurationList = B1922A712BAFF1FC00200828 /* Build configuration list for PBXNativeTarget "GithubNoteTests" */;
			buildPhases = (
				8FECE633509D720E93D2ADFC /* [CP] Check Pods Manifest.lock */,
				B1922A562BAFF1FC00200828 /* Sources */,
				B1922A572BAFF1FC00200828 /* Frameworks */,
				B1922A582BAFF1FC00200828 /* Resources */,
			);
			buildRules = (
			);
			dependencies = (
				B1922A5C2BAFF1FC00200828 /* PBXTargetDependency */,
			);
			name = GithubNoteTests;
			productName = GithubNoteTests;
			productReference = B1922A5A2BAFF1FC00200828 /* GithubNoteTests.xctest */;
			productType = "com.apple.product-type.bundle.unit-test";
		};
		B1922A632BAFF1FC00200828 /* GithubNoteUITests */ = {
			isa = PBXNativeTarget;
			buildConfigurationList = B1922A742BAFF1FC00200828 /* Build configuration list for PBXNativeTarget "GithubNoteUITests" */;
			buildPhases = (
				648BCE60E1F6397612B30B3A /* [CP] Check Pods Manifest.lock */,
				B1922A602BAFF1FC00200828 /* Sources */,
				B1922A612BAFF1FC00200828 /* Frameworks */,
				B1922A622BAFF1FC00200828 /* Resources */,
				6CDE47E491BD9437E483DA7C /* [CP] Embed Pods Frameworks */,
			);
			buildRules = (
			);
			dependencies = (
				B1922A662BAFF1FC00200828 /* PBXTargetDependency */,
			);
			name = GithubNoteUITests;
			productName = GithubNoteUITests;
			productReference = B1922A642BAFF1FC00200828 /* GithubNoteUITests.xctest */;
			productType = "com.apple.product-type.bundle.ui-testing";
		};
/* End PBXNativeTarget section */

/* Begin PBXProject section */
		B1922A412BAFF1FB00200828 /* Project object */ = {
			isa = PBXProject;
			attributes = {
				BuildIndependentTargetsInParallel = 1;
				LastSwiftUpdateCheck = 1500;
				LastUpgradeCheck = 1500;
				TargetAttributes = {
					B1922A482BAFF1FB00200828 = {
						CreatedOnToolsVersion = 15.0.1;
					};
					B1922A592BAFF1FC00200828 = {
						CreatedOnToolsVersion = 15.0.1;
						TestTargetID = B1922A482BAFF1FB00200828;
					};
					B1922A632BAFF1FC00200828 = {
						CreatedOnToolsVersion = 15.0.1;
						TestTargetID = B1922A482BAFF1FB00200828;
					};
				};
			};
			buildConfigurationList = B1922A442BAFF1FB00200828 /* Build configuration list for PBXProject "GithubNote" */;
			compatibilityVersion = "Xcode 14.0";
			developmentRegion = en;
			hasScannedForEncodings = 0;
			knownRegions = (
				en,
				Base,
			);
			mainGroup = B1922A402BAFF1FB00200828;
			packageReferences = (
				B1C01AC82BCA16BB009E9C20 /* XCLocalSwiftPackageReference "GithubNote/Local/SDWebImageSwiftUI" */,
			);
			productRefGroup = B1922A4A2BAFF1FB00200828 /* Products */;
			projectDirPath = "";
			projectRoot = "";
			targets = (
				B1922A482BAFF1FB00200828 /* GithubNote */,
				B1922A592BAFF1FC00200828 /* GithubNoteTests */,
				B1922A632BAFF1FC00200828 /* GithubNoteUITests */,
			);
		};
/* End PBXProject section */

/* Begin PBXResourcesBuildPhase section */
		B1922A472BAFF1FB00200828 /* Resources */ = {
			isa = PBXResourcesBuildPhase;
			buildActionMask = 2147483647;
			files = (
				B1DA105B2C9DB6C30074DA32 /* index in Resources */,
				B1922A552BAFF1FC00200828 /* Preview Assets.xcassets in Resources */,
				B1922A512BAFF1FC00200828 /* Assets.xcassets in Resources */,
			);
			runOnlyForDeploymentPostprocessing = 0;
		};
		B1922A582BAFF1FC00200828 /* Resources */ = {
			isa = PBXResourcesBuildPhase;
			buildActionMask = 2147483647;
			files = (
			);
			runOnlyForDeploymentPostprocessing = 0;
		};
		B1922A622BAFF1FC00200828 /* Resources */ = {
			isa = PBXResourcesBuildPhase;
			buildActionMask = 2147483647;
			files = (
			);
			runOnlyForDeploymentPostprocessing = 0;
		};
/* End PBXResourcesBuildPhase section */

/* Begin PBXShellScriptBuildPhase section */
		30AA118EE45EA070EC977EB4 /* [CP] Check Pods Manifest.lock */ = {
			isa = PBXShellScriptBuildPhase;
			buildActionMask = 2147483647;
			files = (
			);
			inputFileListPaths = (
			);
			inputPaths = (
				"${PODS_PODFILE_DIR_PATH}/Podfile.lock",
				"${PODS_ROOT}/Manifest.lock",
			);
			name = "[CP] Check Pods Manifest.lock";
			outputFileListPaths = (
			);
			outputPaths = (
				"$(DERIVED_FILE_DIR)/Pods-GithubNote-checkManifestLockResult.txt",
			);
			runOnlyForDeploymentPostprocessing = 0;
			shellPath = /bin/sh;
			shellScript = "diff \"${PODS_PODFILE_DIR_PATH}/Podfile.lock\" \"${PODS_ROOT}/Manifest.lock\" > /dev/null\nif [ $? != 0 ] ; then\n    # print error to STDERR\n    echo \"error: The sandbox is not in sync with the Podfile.lock. Run 'pod install' or update your CocoaPods installation.\" >&2\n    exit 1\nfi\n# This output is used by Xcode 'outputs' to avoid re-running this script phase.\necho \"SUCCESS\" > \"${SCRIPT_OUTPUT_FILE_0}\"\n";
			showEnvVarsInLog = 0;
		};
		648BCE60E1F6397612B30B3A /* [CP] Check Pods Manifest.lock */ = {
			isa = PBXShellScriptBuildPhase;
			buildActionMask = 2147483647;
			files = (
			);
			inputFileListPaths = (
			);
			inputPaths = (
				"${PODS_PODFILE_DIR_PATH}/Podfile.lock",
				"${PODS_ROOT}/Manifest.lock",
			);
			name = "[CP] Check Pods Manifest.lock";
			outputFileListPaths = (
			);
			outputPaths = (
				"$(DERIVED_FILE_DIR)/Pods-GithubNote-GithubNoteUITests-checkManifestLockResult.txt",
			);
			runOnlyForDeploymentPostprocessing = 0;
			shellPath = /bin/sh;
			shellScript = "diff \"${PODS_PODFILE_DIR_PATH}/Podfile.lock\" \"${PODS_ROOT}/Manifest.lock\" > /dev/null\nif [ $? != 0 ] ; then\n    # print error to STDERR\n    echo \"error: The sandbox is not in sync with the Podfile.lock. Run 'pod install' or update your CocoaPods installation.\" >&2\n    exit 1\nfi\n# This output is used by Xcode 'outputs' to avoid re-running this script phase.\necho \"SUCCESS\" > \"${SCRIPT_OUTPUT_FILE_0}\"\n";
			showEnvVarsInLog = 0;
		};
		6CDE47E491BD9437E483DA7C /* [CP] Embed Pods Frameworks */ = {
			isa = PBXShellScriptBuildPhase;
			buildActionMask = 2147483647;
			files = (
			);
			inputFileListPaths = (
				"${PODS_ROOT}/Target Support Files/Pods-GithubNote-GithubNoteUITests/Pods-GithubNote-GithubNoteUITests-frameworks-${CONFIGURATION}-input-files.xcfilelist",
			);
			name = "[CP] Embed Pods Frameworks";
			outputFileListPaths = (
				"${PODS_ROOT}/Target Support Files/Pods-GithubNote-GithubNoteUITests/Pods-GithubNote-GithubNoteUITests-frameworks-${CONFIGURATION}-output-files.xcfilelist",
			);
			runOnlyForDeploymentPostprocessing = 0;
			shellPath = /bin/sh;
			shellScript = "\"${PODS_ROOT}/Target Support Files/Pods-GithubNote-GithubNoteUITests/Pods-GithubNote-GithubNoteUITests-frameworks.sh\"\n";
			showEnvVarsInLog = 0;
		};
		8FECE633509D720E93D2ADFC /* [CP] Check Pods Manifest.lock */ = {
			isa = PBXShellScriptBuildPhase;
			buildActionMask = 2147483647;
			files = (
			);
			inputFileListPaths = (
			);
			inputPaths = (
				"${PODS_PODFILE_DIR_PATH}/Podfile.lock",
				"${PODS_ROOT}/Manifest.lock",
			);
			name = "[CP] Check Pods Manifest.lock";
			outputFileListPaths = (
			);
			outputPaths = (
				"$(DERIVED_FILE_DIR)/Pods-GithubNoteTests-checkManifestLockResult.txt",
			);
			runOnlyForDeploymentPostprocessing = 0;
			shellPath = /bin/sh;
			shellScript = "diff \"${PODS_PODFILE_DIR_PATH}/Podfile.lock\" \"${PODS_ROOT}/Manifest.lock\" > /dev/null\nif [ $? != 0 ] ; then\n    # print error to STDERR\n    echo \"error: The sandbox is not in sync with the Podfile.lock. Run 'pod install' or update your CocoaPods installation.\" >&2\n    exit 1\nfi\n# This output is used by Xcode 'outputs' to avoid re-running this script phase.\necho \"SUCCESS\" > \"${SCRIPT_OUTPUT_FILE_0}\"\n";
			showEnvVarsInLog = 0;
		};
		BCA1229F22DB0C781D184AC0 /* [CP] Embed Pods Frameworks */ = {
			isa = PBXShellScriptBuildPhase;
			buildActionMask = 2147483647;
			files = (
			);
			inputFileListPaths = (
				"${PODS_ROOT}/Target Support Files/Pods-GithubNote/Pods-GithubNote-frameworks-${CONFIGURATION}-input-files.xcfilelist",
			);
			name = "[CP] Embed Pods Frameworks";
			outputFileListPaths = (
				"${PODS_ROOT}/Target Support Files/Pods-GithubNote/Pods-GithubNote-frameworks-${CONFIGURATION}-output-files.xcfilelist",
			);
			runOnlyForDeploymentPostprocessing = 0;
			shellPath = /bin/sh;
			shellScript = "\"${PODS_ROOT}/Target Support Files/Pods-GithubNote/Pods-GithubNote-frameworks.sh\"\n";
			showEnvVarsInLog = 0;
		};
/* End PBXShellScriptBuildPhase section */

/* Begin PBXSourcesBuildPhase section */
		B1922A452BAFF1FB00200828 /* Sources */ = {
			isa = PBXSourcesBuildPhase;
			buildActionMask = 2147483647;
			files = (
				B1ED88732C4BD40600FD8DEB /* CacheManager.swift in Sources */,
				B1AE88372C4FFDAC00BB8047 /* WriteCachePlugin.swift in Sources */,
				B1B55A892C515C3300820689 /* NoteWriteModel.swift in Sources */,
				B10930FB2C3D848B006B5DB0 /* NoteContentView.swift in Sources */,
				B1EBBD9A2C9ED695005FB760 /* CustomDivider.swift in Sources */,
				B1E538622C43816F00A4B3C4 /* NoteWritePannelView.swift in Sources */,
				B1FE67542C480B0200970DA0 /* NoteImageBrowserView.swift in Sources */,
				B1B55A922C52A0C000820689 /* Data+Extension.swift in Sources */,
				B1EC0DF82BBE47A8007975D9 /* UserDefaults+Extension.swift in Sources */,
				B16C4AD42BB3164800F417D3 /* Binding+Extension.swift in Sources */,
				B1D7CF542BCA11DE00362C35 /* ImagesModel.swift in Sources */,
				B1FE674E2C45767600970DA0 /* Common.swift in Sources */,
				B1B55A8B2C515C9000820689 /* AppModel.swift in Sources */,
				B1EBBDD12CB3CD7A005FB760 /* NoteSidebarToolView.swift in Sources */,
				B1EBBDA02C9F0079005FB760 /* LaunchApp.swift in Sources */,
				B1EBBDC02CA06C99005FB760 /* NoteCommentsView.swift in Sources */,
				B1EBBDC82CB24D72005FB760 /* SQLManager+Issue.swift in Sources */,
				B11FDA8B2BBFE8C500EC7083 /* AppConst.swift in Sources */,
				B1EBBD942C9E886C005FB760 /* LogManager.swift in Sources */,
				B1ED886F2C4ACBB900FD8DEB /* RepoModel.swift in Sources */,
				B1EBBDCC2CB2E718005FB760 /* WebServerManager.swift in Sources */,
				B1ED88672C4AC60000FD8DEB /* NetworkError.swift in Sources */,
				B1EBBDBC2CA05FA6005FB760 /* NoteIssuesView.swift in Sources */,
				B16462722BB0464A00F57548 /* Account.swift in Sources */,
				B1ED88752C4C057200FD8DEB /* CachePolicyPlugin.swift in Sources */,
				B1EBBDBA2CA05EEA005FB760 /* NoteReposView.swift in Sources */,
				B148A5BA2BC1506000B7FBA8 /* LoginOutView.swift in Sources */,
				B19DC5A02BBFD51B009C7DBE /* CommentModel.swift in Sources */,
				B1ED88632C4ABC4E00FD8DEB /* Networking.swift in Sources */,
				B1EBBD972C9E93EE005FB760 /* SettingsView.swift in Sources */,
				B10931012C3D8784006B5DB0 /* NoteTaskView.swift in Sources */,
				B1EBBDC62CB24D65005FB760 /* SQLManager+Repo.swift in Sources */,
				B1EC0DE82BBB8DD4007975D9 /* String+Extension.swift in Sources */,
				B1EBBDA42C9FDB28005FB760 /* ToastManager.swift in Sources */,
				B1CE86582C57EF77002C8335 /* NoteImageBrowserImagesView.swift in Sources */,
				B1ED886A2C4ACAFE00FD8DEB /* API.swift in Sources */,
				B1EBBDCA2CB24DA9005FB760 /* SQLManager+Comment.swift in Sources */,
				B14983BD2CBAD5BE00CDAB6F /* GitHubLoginView.swift in Sources */,
				B1ED88712C4ACE0E00FD8DEB /* Modelable.swift in Sources */,
				B1EBBD9D2C9EF525005FB760 /* EmailManager.swift in Sources */,
				B1DA105D2C9DB6CA0074DA32 /* MarkdownWebView.swift in Sources */,
				B1EBBDCE2CB2F31A005FB760 /* bool+Extension.swift in Sources */,
				B1EBBDC22CA06CA4005FB760 /* NoteCommentsHeaderView.swift in Sources */,
				B1FE67502C46B72400970DA0 /* View+Extension.swift in Sources */,
				B1EBBDA22C9F2AA9005FB760 /* CustomURLSchemeHandler.swift in Sources */,
				B10930FD2C3D85C5006B5DB0 /* NoteSidebarView.swift in Sources */,
				B1922A4D2BAFF1FB00200828 /* GithubNoteApp.swift in Sources */,
				B1EBBDC42CB23818005FB760 /* SQLManager.swift in Sources */,
				B1E55A422BBF96B7000209ED /* IssuesModel.swift in Sources */,
				B148A5BC2BC154FA00B7FBA8 /* Color+Extension.swift in Sources */,
				B10930FF2C3D8748006B5DB0 /* NoteTaskListView.swift in Sources */,
				B1CE865B2C5926B8002C8335 /* NotificationNameModule.swift in Sources */,
				B1EBBDBE2CA06A63005FB760 /* NoteIssuesHeaderView.swift in Sources */,
			);
			runOnlyForDeploymentPostprocessing = 0;
		};
		B1922A562BAFF1FC00200828 /* Sources */ = {
			isa = PBXSourcesBuildPhase;
			buildActionMask = 2147483647;
			files = (
				B1922A5F2BAFF1FC00200828 /* GithubNoteTests.swift in Sources */,
			);
			runOnlyForDeploymentPostprocessing = 0;
		};
		B1922A602BAFF1FC00200828 /* Sources */ = {
			isa = PBXSourcesBuildPhase;
			buildActionMask = 2147483647;
			files = (
				B1922A692BAFF1FC00200828 /* GithubNoteUITests.swift in Sources */,
				B1922A6B2BAFF1FC00200828 /* GithubNoteUITestsLaunchTests.swift in Sources */,
			);
			runOnlyForDeploymentPostprocessing = 0;
		};
/* End PBXSourcesBuildPhase section */

/* Begin PBXTargetDependency section */
		B1922A5C2BAFF1FC00200828 /* PBXTargetDependency */ = {
			isa = PBXTargetDependency;
			target = B1922A482BAFF1FB00200828 /* GithubNote */;
			targetProxy = B1922A5B2BAFF1FC00200828 /* PBXContainerItemProxy */;
		};
		B1922A662BAFF1FC00200828 /* PBXTargetDependency */ = {
			isa = PBXTargetDependency;
			target = B1922A482BAFF1FB00200828 /* GithubNote */;
			targetProxy = B1922A652BAFF1FC00200828 /* PBXContainerItemProxy */;
		};
/* End PBXTargetDependency section */

/* Begin XCBuildConfiguration section */
		B1922A6C2BAFF1FC00200828 /* Debug */ = {
			isa = XCBuildConfiguration;
			buildSettings = {
				ALWAYS_SEARCH_USER_PATHS = NO;
				ASSETCATALOG_COMPILER_GENERATE_SWIFT_ASSET_SYMBOL_EXTENSIONS = YES;
				CLANG_ANALYZER_NONNULL = YES;
				CLANG_ANALYZER_NUMBER_OBJECT_CONVERSION = YES_AGGRESSIVE;
				CLANG_CXX_LANGUAGE_STANDARD = "gnu++20";
				CLANG_ENABLE_MODULES = YES;
				CLANG_ENABLE_OBJC_ARC = YES;
				CLANG_ENABLE_OBJC_WEAK = YES;
				CLANG_WARN_BLOCK_CAPTURE_AUTORELEASING = YES;
				CLANG_WARN_BOOL_CONVERSION = YES;
				CLANG_WARN_COMMA = YES;
				CLANG_WARN_CONSTANT_CONVERSION = YES;
				CLANG_WARN_DEPRECATED_OBJC_IMPLEMENTATIONS = YES;
				CLANG_WARN_DIRECT_OBJC_ISA_USAGE = YES_ERROR;
				CLANG_WARN_DOCUMENTATION_COMMENTS = YES;
				CLANG_WARN_EMPTY_BODY = YES;
				CLANG_WARN_ENUM_CONVERSION = YES;
				CLANG_WARN_INFINITE_RECURSION = YES;
				CLANG_WARN_INT_CONVERSION = YES;
				CLANG_WARN_NON_LITERAL_NULL_CONVERSION = YES;
				CLANG_WARN_OBJC_IMPLICIT_RETAIN_SELF = YES;
				CLANG_WARN_OBJC_LITERAL_CONVERSION = YES;
				CLANG_WARN_OBJC_ROOT_CLASS = YES_ERROR;
				CLANG_WARN_QUOTED_INCLUDE_IN_FRAMEWORK_HEADER = YES;
				CLANG_WARN_RANGE_LOOP_ANALYSIS = YES;
				CLANG_WARN_STRICT_PROTOTYPES = YES;
				CLANG_WARN_SUSPICIOUS_MOVE = YES;
				CLANG_WARN_UNGUARDED_AVAILABILITY = YES_AGGRESSIVE;
				CLANG_WARN_UNREACHABLE_CODE = YES;
				CLANG_WARN__DUPLICATE_METHOD_MATCH = YES;
				COPY_PHASE_STRIP = NO;
				DEBUG_INFORMATION_FORMAT = dwarf;
				ENABLE_STRICT_OBJC_MSGSEND = YES;
				ENABLE_TESTABILITY = YES;
				ENABLE_USER_SCRIPT_SANDBOXING = YES;
				GCC_C_LANGUAGE_STANDARD = gnu17;
				GCC_DYNAMIC_NO_PIC = NO;
				GCC_NO_COMMON_BLOCKS = YES;
				GCC_OPTIMIZATION_LEVEL = 0;
				GCC_PREPROCESSOR_DEFINITIONS = (
					"DEBUG=1",
					"$(inherited)",
				);
				GCC_WARN_64_TO_32_BIT_CONVERSION = YES;
				GCC_WARN_ABOUT_RETURN_TYPE = YES_ERROR;
				GCC_WARN_UNDECLARED_SELECTOR = YES;
				GCC_WARN_UNINITIALIZED_AUTOS = YES_AGGRESSIVE;
				GCC_WARN_UNUSED_FUNCTION = YES;
				GCC_WARN_UNUSED_VARIABLE = YES;
				LOCALIZATION_PREFERS_STRING_CATALOGS = YES;
				MTL_ENABLE_DEBUG_INFO = INCLUDE_SOURCE;
				MTL_FAST_MATH = YES;
				ONLY_ACTIVE_ARCH = YES;
				SWIFT_ACTIVE_COMPILATION_CONDITIONS = "DEBUG $(inherited)";
				SWIFT_OPTIMIZATION_LEVEL = "-Onone";
				SWIFT_VERSION = 5.0;
			};
			name = Debug;
		};
		B1922A6D2BAFF1FC00200828 /* Release */ = {
			isa = XCBuildConfiguration;
			buildSettings = {
				ALWAYS_SEARCH_USER_PATHS = NO;
				ASSETCATALOG_COMPILER_GENERATE_SWIFT_ASSET_SYMBOL_EXTENSIONS = YES;
				CLANG_ANALYZER_NONNULL = YES;
				CLANG_ANALYZER_NUMBER_OBJECT_CONVERSION = YES_AGGRESSIVE;
				CLANG_CXX_LANGUAGE_STANDARD = "gnu++20";
				CLANG_ENABLE_MODULES = YES;
				CLANG_ENABLE_OBJC_ARC = YES;
				CLANG_ENABLE_OBJC_WEAK = YES;
				CLANG_WARN_BLOCK_CAPTURE_AUTORELEASING = YES;
				CLANG_WARN_BOOL_CONVERSION = YES;
				CLANG_WARN_COMMA = YES;
				CLANG_WARN_CONSTANT_CONVERSION = YES;
				CLANG_WARN_DEPRECATED_OBJC_IMPLEMENTATIONS = YES;
				CLANG_WARN_DIRECT_OBJC_ISA_USAGE = YES_ERROR;
				CLANG_WARN_DOCUMENTATION_COMMENTS = YES;
				CLANG_WARN_EMPTY_BODY = YES;
				CLANG_WARN_ENUM_CONVERSION = YES;
				CLANG_WARN_INFINITE_RECURSION = YES;
				CLANG_WARN_INT_CONVERSION = YES;
				CLANG_WARN_NON_LITERAL_NULL_CONVERSION = YES;
				CLANG_WARN_OBJC_IMPLICIT_RETAIN_SELF = YES;
				CLANG_WARN_OBJC_LITERAL_CONVERSION = YES;
				CLANG_WARN_OBJC_ROOT_CLASS = YES_ERROR;
				CLANG_WARN_QUOTED_INCLUDE_IN_FRAMEWORK_HEADER = YES;
				CLANG_WARN_RANGE_LOOP_ANALYSIS = YES;
				CLANG_WARN_STRICT_PROTOTYPES = YES;
				CLANG_WARN_SUSPICIOUS_MOVE = YES;
				CLANG_WARN_UNGUARDED_AVAILABILITY = YES_AGGRESSIVE;
				CLANG_WARN_UNREACHABLE_CODE = YES;
				CLANG_WARN__DUPLICATE_METHOD_MATCH = YES;
				COPY_PHASE_STRIP = NO;
				DEBUG_INFORMATION_FORMAT = "dwarf-with-dsym";
				ENABLE_NS_ASSERTIONS = NO;
				ENABLE_STRICT_OBJC_MSGSEND = YES;
				ENABLE_USER_SCRIPT_SANDBOXING = YES;
				GCC_C_LANGUAGE_STANDARD = gnu17;
				GCC_NO_COMMON_BLOCKS = YES;
				GCC_WARN_64_TO_32_BIT_CONVERSION = YES;
				GCC_WARN_ABOUT_RETURN_TYPE = YES_ERROR;
				GCC_WARN_UNDECLARED_SELECTOR = YES;
				GCC_WARN_UNINITIALIZED_AUTOS = YES_AGGRESSIVE;
				GCC_WARN_UNUSED_FUNCTION = YES;
				GCC_WARN_UNUSED_VARIABLE = YES;
				LOCALIZATION_PREFERS_STRING_CATALOGS = YES;
				MTL_ENABLE_DEBUG_INFO = NO;
				MTL_FAST_MATH = YES;
				SWIFT_COMPILATION_MODE = wholemodule;
				SWIFT_VERSION = 5.0;
			};
			name = Release;
		};
		B1922A6F2BAFF1FC00200828 /* Debug */ = {
			isa = XCBuildConfiguration;
			baseConfigurationReference = E1B79E6A4FF24374131296A2 /* Pods-GithubNote.debug.xcconfig */;
			buildSettings = {
				ASSETCATALOG_COMPILER_APPICON_NAME = AppIcon;
				ASSETCATALOG_COMPILER_GLOBAL_ACCENT_COLOR_NAME = AccentColor;
				CODE_SIGN_ENTITLEMENTS = GithubNote/GithubNote.entitlements;
				"CODE_SIGN_IDENTITY[sdk=macosx*]" = "-";
				CODE_SIGN_STYLE = Manual;
				CURRENT_PROJECT_VERSION = 1;
				DEVELOPMENT_ASSET_PATHS = "\"GithubNote/Preview Content\"";
				DEVELOPMENT_TEAM = "";
				ENABLE_PREVIEWS = YES;
				ENABLE_USER_SCRIPT_SANDBOXING = NO;
				GENERATE_INFOPLIST_FILE = YES;
				INFOPLIST_FILE = GithubNote/Info.plist;
				"INFOPLIST_KEY_UIApplicationSceneManifest_Generation[sdk=iphoneos*]" = YES;
				"INFOPLIST_KEY_UIApplicationSceneManifest_Generation[sdk=iphonesimulator*]" = YES;
				"INFOPLIST_KEY_UIApplicationSupportsIndirectInputEvents[sdk=iphoneos*]" = YES;
				"INFOPLIST_KEY_UIApplicationSupportsIndirectInputEvents[sdk=iphonesimulator*]" = YES;
				"INFOPLIST_KEY_UILaunchScreen_Generation[sdk=iphoneos*]" = YES;
				"INFOPLIST_KEY_UILaunchScreen_Generation[sdk=iphonesimulator*]" = YES;
				"INFOPLIST_KEY_UIStatusBarStyle[sdk=iphoneos*]" = UIStatusBarStyleDefault;
				"INFOPLIST_KEY_UIStatusBarStyle[sdk=iphonesimulator*]" = UIStatusBarStyleDefault;
				INFOPLIST_KEY_UISupportedInterfaceOrientations_iPad = "UIInterfaceOrientationPortrait UIInterfaceOrientationPortraitUpsideDown UIInterfaceOrientationLandscapeLeft UIInterfaceOrientationLandscapeRight";
				INFOPLIST_KEY_UISupportedInterfaceOrientations_iPhone = "UIInterfaceOrientationPortrait UIInterfaceOrientationLandscapeLeft UIInterfaceOrientationLandscapeRight";
				IPHONEOS_DEPLOYMENT_TARGET = 17.0;
				LD_RUNPATH_SEARCH_PATHS = "@executable_path/Frameworks";
				"LD_RUNPATH_SEARCH_PATHS[sdk=macosx*]" = "@executable_path/../Frameworks";
				MACOSX_DEPLOYMENT_TARGET = 14.0;
				MARKETING_VERSION = 1.0;
				PRODUCT_BUNDLE_IDENTIFIER = zerobc.GithubNote;
				"PRODUCT_BUNDLE_IDENTIFIER[sdk=macosx*]" = xs0521.app.note;
				PRODUCT_NAME = "$(TARGET_NAME)";
				PROVISIONING_PROFILE_SPECIFIER = "";
				SDKROOT = auto;
				SUPPORTED_PLATFORMS = "iphoneos iphonesimulator macosx";
				SWIFT_EMIT_LOC_STRINGS = YES;
				SWIFT_VERSION = 5.0;
				TARGETED_DEVICE_FAMILY = "1,2";
			};
			name = Debug;
		};
		B1922A702BAFF1FC00200828 /* Release */ = {
			isa = XCBuildConfiguration;
			baseConfigurationReference = 91D85241B7F39F36D37A5F29 /* Pods-GithubNote.release.xcconfig */;
			buildSettings = {
				ASSETCATALOG_COMPILER_APPICON_NAME = AppIcon;
				ASSETCATALOG_COMPILER_GLOBAL_ACCENT_COLOR_NAME = AccentColor;
				CODE_SIGN_ENTITLEMENTS = GithubNote/GithubNote.entitlements;
				"CODE_SIGN_IDENTITY[sdk=macosx*]" = "-";
				CODE_SIGN_STYLE = Manual;
				CURRENT_PROJECT_VERSION = 1;
				DEVELOPMENT_ASSET_PATHS = "\"GithubNote/Preview Content\"";
				DEVELOPMENT_TEAM = "";
				ENABLE_PREVIEWS = YES;
				ENABLE_USER_SCRIPT_SANDBOXING = NO;
				GENERATE_INFOPLIST_FILE = YES;
				INFOPLIST_FILE = GithubNote/Info.plist;
				"INFOPLIST_KEY_UIApplicationSceneManifest_Generation[sdk=iphoneos*]" = YES;
				"INFOPLIST_KEY_UIApplicationSceneManifest_Generation[sdk=iphonesimulator*]" = YES;
				"INFOPLIST_KEY_UIApplicationSupportsIndirectInputEvents[sdk=iphoneos*]" = YES;
				"INFOPLIST_KEY_UIApplicationSupportsIndirectInputEvents[sdk=iphonesimulator*]" = YES;
				"INFOPLIST_KEY_UILaunchScreen_Generation[sdk=iphoneos*]" = YES;
				"INFOPLIST_KEY_UILaunchScreen_Generation[sdk=iphonesimulator*]" = YES;
				"INFOPLIST_KEY_UIStatusBarStyle[sdk=iphoneos*]" = UIStatusBarStyleDefault;
				"INFOPLIST_KEY_UIStatusBarStyle[sdk=iphonesimulator*]" = UIStatusBarStyleDefault;
				INFOPLIST_KEY_UISupportedInterfaceOrientations_iPad = "UIInterfaceOrientationPortrait UIInterfaceOrientationPortraitUpsideDown UIInterfaceOrientationLandscapeLeft UIInterfaceOrientationLandscapeRight";
				INFOPLIST_KEY_UISupportedInterfaceOrientations_iPhone = "UIInterfaceOrientationPortrait UIInterfaceOrientationLandscapeLeft UIInterfaceOrientationLandscapeRight";
				IPHONEOS_DEPLOYMENT_TARGET = 17.0;
				LD_RUNPATH_SEARCH_PATHS = "@executable_path/Frameworks";
				"LD_RUNPATH_SEARCH_PATHS[sdk=macosx*]" = "@executable_path/../Frameworks";
				MACOSX_DEPLOYMENT_TARGET = 14.0;
				MARKETING_VERSION = 1.0;
				PRODUCT_BUNDLE_IDENTIFIER = zerobc.GithubNote;
				"PRODUCT_BUNDLE_IDENTIFIER[sdk=macosx*]" = xs0521.app.note;
				PRODUCT_NAME = "$(TARGET_NAME)";
				PROVISIONING_PROFILE_SPECIFIER = "";
				SDKROOT = auto;
				SUPPORTED_PLATFORMS = "iphoneos iphonesimulator macosx";
				SWIFT_EMIT_LOC_STRINGS = YES;
				SWIFT_VERSION = 5.0;
				TARGETED_DEVICE_FAMILY = "1,2";
			};
			name = Release;
		};
		B1922A722BAFF1FC00200828 /* Debug */ = {
			isa = XCBuildConfiguration;
			baseConfigurationReference = 3D94AC20DE67D4184F146FF0 /* Pods-GithubNoteTests.debug.xcconfig */;
			buildSettings = {
				ALWAYS_EMBED_SWIFT_STANDARD_LIBRARIES = YES;
				BUNDLE_LOADER = "$(TEST_HOST)";
				CODE_SIGN_STYLE = Automatic;
				CURRENT_PROJECT_VERSION = 1;
				GENERATE_INFOPLIST_FILE = YES;
				IPHONEOS_DEPLOYMENT_TARGET = 17.0;
				MACOSX_DEPLOYMENT_TARGET = 14.0;
				MARKETING_VERSION = 1.0;
				PRODUCT_BUNDLE_IDENTIFIER = zerobc.GithubNoteTests;
				PRODUCT_NAME = "$(TARGET_NAME)";
				SDKROOT = auto;
				SUPPORTED_PLATFORMS = "iphoneos iphonesimulator macosx";
				SWIFT_EMIT_LOC_STRINGS = NO;
				SWIFT_VERSION = 5.0;
				TARGETED_DEVICE_FAMILY = "1,2";
				TEST_HOST = "$(BUILT_PRODUCTS_DIR)/GithubNote.app/$(BUNDLE_EXECUTABLE_FOLDER_PATH)/GithubNote";
			};
			name = Debug;
		};
		B1922A732BAFF1FC00200828 /* Release */ = {
			isa = XCBuildConfiguration;
			baseConfigurationReference = 714DB4F4CAD7582FF24D3FE2 /* Pods-GithubNoteTests.release.xcconfig */;
			buildSettings = {
				ALWAYS_EMBED_SWIFT_STANDARD_LIBRARIES = YES;
				BUNDLE_LOADER = "$(TEST_HOST)";
				CODE_SIGN_STYLE = Automatic;
				CURRENT_PROJECT_VERSION = 1;
				GENERATE_INFOPLIST_FILE = YES;
				IPHONEOS_DEPLOYMENT_TARGET = 17.0;
				MACOSX_DEPLOYMENT_TARGET = 14.0;
				MARKETING_VERSION = 1.0;
				PRODUCT_BUNDLE_IDENTIFIER = zerobc.GithubNoteTests;
				PRODUCT_NAME = "$(TARGET_NAME)";
				SDKROOT = auto;
				SUPPORTED_PLATFORMS = "iphoneos iphonesimulator macosx";
				SWIFT_EMIT_LOC_STRINGS = NO;
				SWIFT_VERSION = 5.0;
				TARGETED_DEVICE_FAMILY = "1,2";
				TEST_HOST = "$(BUILT_PRODUCTS_DIR)/GithubNote.app/$(BUNDLE_EXECUTABLE_FOLDER_PATH)/GithubNote";
			};
			name = Release;
		};
		B1922A752BAFF1FC00200828 /* Debug */ = {
			isa = XCBuildConfiguration;
			baseConfigurationReference = CCBEDDBB70377BC5F6CCDC54 /* Pods-GithubNote-GithubNoteUITests.debug.xcconfig */;
			buildSettings = {
				ALWAYS_EMBED_SWIFT_STANDARD_LIBRARIES = YES;
				CODE_SIGN_STYLE = Automatic;
				CURRENT_PROJECT_VERSION = 1;
				GENERATE_INFOPLIST_FILE = YES;
				IPHONEOS_DEPLOYMENT_TARGET = 17.0;
				MACOSX_DEPLOYMENT_TARGET = 14.0;
				MARKETING_VERSION = 1.0;
				PRODUCT_BUNDLE_IDENTIFIER = zerobc.GithubNoteUITests;
				PRODUCT_NAME = "$(TARGET_NAME)";
				SDKROOT = auto;
				SUPPORTED_PLATFORMS = "iphoneos iphonesimulator macosx";
				SWIFT_EMIT_LOC_STRINGS = NO;
				SWIFT_VERSION = 5.0;
				TARGETED_DEVICE_FAMILY = "1,2";
				TEST_TARGET_NAME = GithubNote;
			};
			name = Debug;
		};
		B1922A762BAFF1FC00200828 /* Release */ = {
			isa = XCBuildConfiguration;
			baseConfigurationReference = 887DD079CAA95E3D452F42C6 /* Pods-GithubNote-GithubNoteUITests.release.xcconfig */;
			buildSettings = {
				ALWAYS_EMBED_SWIFT_STANDARD_LIBRARIES = YES;
				CODE_SIGN_STYLE = Automatic;
				CURRENT_PROJECT_VERSION = 1;
				GENERATE_INFOPLIST_FILE = YES;
				IPHONEOS_DEPLOYMENT_TARGET = 17.0;
				MACOSX_DEPLOYMENT_TARGET = 14.0;
				MARKETING_VERSION = 1.0;
				PRODUCT_BUNDLE_IDENTIFIER = zerobc.GithubNoteUITests;
				PRODUCT_NAME = "$(TARGET_NAME)";
				SDKROOT = auto;
				SUPPORTED_PLATFORMS = "iphoneos iphonesimulator macosx";
				SWIFT_EMIT_LOC_STRINGS = NO;
				SWIFT_VERSION = 5.0;
				TARGETED_DEVICE_FAMILY = "1,2";
				TEST_TARGET_NAME = GithubNote;
			};
			name = Release;
		};
/* End XCBuildConfiguration section */

/* Begin XCConfigurationList section */
		B1922A442BAFF1FB00200828 /* Build configuration list for PBXProject "GithubNote" */ = {
			isa = XCConfigurationList;
			buildConfigurations = (
				B1922A6C2BAFF1FC00200828 /* Debug */,
				B1922A6D2BAFF1FC00200828 /* Release */,
			);
			defaultConfigurationIsVisible = 0;
			defaultConfigurationName = Release;
		};
		B1922A6E2BAFF1FC00200828 /* Build configuration list for PBXNativeTarget "GithubNote" */ = {
			isa = XCConfigurationList;
			buildConfigurations = (
				B1922A6F2BAFF1FC00200828 /* Debug */,
				B1922A702BAFF1FC00200828 /* Release */,
			);
			defaultConfigurationIsVisible = 0;
			defaultConfigurationName = Release;
		};
		B1922A712BAFF1FC00200828 /* Build configuration list for PBXNativeTarget "GithubNoteTests" */ = {
			isa = XCConfigurationList;
			buildConfigurations = (
				B1922A722BAFF1FC00200828 /* Debug */,
				B1922A732BAFF1FC00200828 /* Release */,
			);
			defaultConfigurationIsVisible = 0;
			defaultConfigurationName = Release;
		};
		B1922A742BAFF1FC00200828 /* Build configuration list for PBXNativeTarget "GithubNoteUITests" */ = {
			isa = XCConfigurationList;
			buildConfigurations = (
				B1922A752BAFF1FC00200828 /* Debug */,
				B1922A762BAFF1FC00200828 /* Release */,
			);
			defaultConfigurationIsVisible = 0;
			defaultConfigurationName = Release;
		};
/* End XCConfigurationList section */

/* Begin XCLocalSwiftPackageReference section */
		B1C01AC82BCA16BB009E9C20 /* XCLocalSwiftPackageReference "GithubNote/Local/SDWebImageSwiftUI" */ = {
			isa = XCLocalSwiftPackageReference;
			relativePath = GithubNote/Local/SDWebImageSwiftUI;
		};
/* End XCLocalSwiftPackageReference section */

/* Begin XCSwiftPackageProductDependency section */
		B1C01AC92BCA16BB009E9C20 /* SDWebImageSwiftUI */ = {
			isa = XCSwiftPackageProductDependency;
			productName = SDWebImageSwiftUI;
		};
/* End XCSwiftPackageProductDependency section */
	};
	rootObject = B1922A412BAFF1FB00200828 /* Project object */;
}
